
Microsoft Visual Studio Solution File, Format Version 12.00
# Visual Studio Version 16
VisualStudioVersion = 16.0.29905.134
MinimumVisualStudioVersion = 10.0.40219.1
Project("{FAE04EC0-301F-11D3-BF4B-00C04F79EFBC}") = "WebApplication2", "WebApplication2\WebApplication2.csproj", "{DD9D0421-D2FC-423A-B0DB-71386F27DB22}"
EndProject
Global
	GlobalSection(SolutionConfigurationPlatforms) = preSolution
		Debug|Any CPU = Debug|Any CPU
		Release|Any CPU = Release|Any CPU
	EndGlobalSection
	GlobalSection(ProjectConfigurationPlatforms) = postSolution
		{DD9D0421-D2FC-423A-B0DB-71386F27DB22}.Debug|Any CPU.ActiveCfg = Debug|Any CPU
		{DD9D0421-D2FC-423A-B0DB-71386F27DB22}.Debug|Any CPU.Build.0 = Debug|Any CPU
		{DD9D0421-D2FC-423A-B0DB-71386F27DB22}.Release|Any CPU.ActiveCfg = Release|Any CPU
		{DD9D0421-D2FC-423A-B0DB-71386F27DB22}.Release|Any CPU.Build.0 = Release|Any CPU
	EndGlobalSection
	GlobalSection(SolutionProperties) = preSolution
		HideSolutionNode = FALSE
	EndGlobalSection
	GlobalSection(ExtensibilityGlobals) = postSolution
		SolutionGuid = {C64D3D86-6ECB-4A0A-B1C3-86E5479A0D22}
	EndGlobalSection
EndGlobal
